// !$*UTF8*$!
{
	archiveVersion = 1;
	classes = {
	};
	objectVersion = 51;
	objects = {

/* Begin PBXBuildFile section */
		76013C10243CFA3400C99A02 /* EventCell.swift in Sources */ = {isa = PBXBuildFile; fileRef = 76013C0F243CFA3400C99A02 /* EventCell.swift */; };
		765FFBE32432B0DB005FB5E4 /* Announcements.storyboard in Resources */ = {isa = PBXBuildFile; fileRef = 765FFBE22432B0DB005FB5E4 /* Announcements.storyboard */; };
		765FFBE62432B116005FB5E4 /* Resources.storyboard in Resources */ = {isa = PBXBuildFile; fileRef = 765FFBE42432B116005FB5E4 /* Resources.storyboard */; };
		76728B5C240DCD480017EE2A /* AppDelegate.swift in Sources */ = {isa = PBXBuildFile; fileRef = 76728B5B240DCD480017EE2A /* AppDelegate.swift */; };
		76728B5E240DCD480017EE2A /* SceneDelegate.swift in Sources */ = {isa = PBXBuildFile; fileRef = 76728B5D240DCD480017EE2A /* SceneDelegate.swift */; };
		76728B63240DCD480017EE2A /* Main.storyboard in Resources */ = {isa = PBXBuildFile; fileRef = 76728B61240DCD480017EE2A /* Main.storyboard */; };
		76728B65240DCD4A0017EE2A /* Assets.xcassets in Resources */ = {isa = PBXBuildFile; fileRef = 76728B64240DCD4A0017EE2A /* Assets.xcassets */; };
		76728B68240DCD4A0017EE2A /* LaunchScreen.storyboard in Resources */ = {isa = PBXBuildFile; fileRef = 76728B66240DCD4A0017EE2A /* LaunchScreen.storyboard */; };
		768D922C243E99210021405B /* config.swift in Sources */ = {isa = PBXBuildFile; fileRef = 768D922B243E99210021405B /* config.swift */; };
		76A6B937243FDD0300C1BF51 /* SearchOrgsViewController.swift in Sources */ = {isa = PBXBuildFile; fileRef = 76A6B936243FDD0300C1BF51 /* SearchOrgsViewController.swift */; };
		76A6B939243FDFAD00C1BF51 /* OrgCell.swift in Sources */ = {isa = PBXBuildFile; fileRef = 76A6B938243FDFAD00C1BF51 /* OrgCell.swift */; };
		76C3A69A243C6CC2009181F8 /* Organizations.storyboard in Resources */ = {isa = PBXBuildFile; fileRef = 76C3A698243C6CC2009181F8 /* Organizations.storyboard */; };
		76D6445B2432A5A9001B2792 /* AnnouncementsViewController.swift in Sources */ = {isa = PBXBuildFile; fileRef = 76D6445A2432A5A9001B2792 /* AnnouncementsViewController.swift */; };
		76D6445D2432A5CA001B2792 /* OrgsViewController.swift in Sources */ = {isa = PBXBuildFile; fileRef = 76D6445C2432A5CA001B2792 /* OrgsViewController.swift */; };
		76D6445F2432A5DE001B2792 /* ResourcesViewController.swift in Sources */ = {isa = PBXBuildFile; fileRef = 76D6445E2432A5DE001B2792 /* ResourcesViewController.swift */; };
		9158AE26AA49F09780C01EDB /* Pods_Purdue_CS_App.framework in Frameworks */ = {isa = PBXBuildFile; fileRef = C7AC5279F2020BDFA2FA41D6 /* Pods_Purdue_CS_App.framework */; };
/* End PBXBuildFile section */

/* Begin PBXFileReference section */
		0A66F716B71037198E2CE375 /* Pods-Purdue-CS-App.release.xcconfig */ = {isa = PBXFileReference; includeInIndex = 1; lastKnownFileType = text.xcconfig; name = "Pods-Purdue-CS-App.release.xcconfig"; path = "Target Support Files/Pods-Purdue-CS-App/Pods-Purdue-CS-App.release.xcconfig"; sourceTree = "<group>"; };
		76013C0F243CFA3400C99A02 /* EventCell.swift */ = {isa = PBXFileReference; lastKnownFileType = sourcecode.swift; path = EventCell.swift; sourceTree = "<group>"; };
		765FFBE22432B0DB005FB5E4 /* Announcements.storyboard */ = {isa = PBXFileReference; fileEncoding = 4; lastKnownFileType = file.storyboard; path = Announcements.storyboard; sourceTree = "<group>"; };
		765FFBE52432B116005FB5E4 /* Base */ = {isa = PBXFileReference; lastKnownFileType = file.storyboard; name = Base; path = Base.lproj/Resources.storyboard; sourceTree = "<group>"; };
		76728B58240DCD480017EE2A /* Purdue-CS-App.app */ = {isa = PBXFileReference; explicitFileType = wrapper.application; includeInIndex = 0; path = "Purdue-CS-App.app"; sourceTree = BUILT_PRODUCTS_DIR; };
		76728B5B240DCD480017EE2A /* AppDelegate.swift */ = {isa = PBXFileReference; lastKnownFileType = sourcecode.swift; path = AppDelegate.swift; sourceTree = "<group>"; };
		76728B5D240DCD480017EE2A /* SceneDelegate.swift */ = {isa = PBXFileReference; lastKnownFileType = sourcecode.swift; path = SceneDelegate.swift; sourceTree = "<group>"; };
		76728B62240DCD480017EE2A /* Base */ = {isa = PBXFileReference; lastKnownFileType = file.storyboard; name = Base; path = Base.lproj/Main.storyboard; sourceTree = "<group>"; };
		76728B64240DCD4A0017EE2A /* Assets.xcassets */ = {isa = PBXFileReference; lastKnownFileType = folder.assetcatalog; path = Assets.xcassets; sourceTree = "<group>"; };
		76728B67240DCD4A0017EE2A /* Base */ = {isa = PBXFileReference; lastKnownFileType = file.storyboard; name = Base; path = Base.lproj/LaunchScreen.storyboard; sourceTree = "<group>"; };
		76728B69240DCD4A0017EE2A /* Info.plist */ = {isa = PBXFileReference; lastKnownFileType = text.plist.xml; path = Info.plist; sourceTree = "<group>"; };
		768D922B243E99210021405B /* config.swift */ = {isa = PBXFileReference; fileEncoding = 4; lastKnownFileType = sourcecode.swift; path = config.swift; sourceTree = "<group>"; };
		76A6B936243FDD0300C1BF51 /* SearchOrgsViewController.swift */ = {isa = PBXFileReference; lastKnownFileType = sourcecode.swift; path = SearchOrgsViewController.swift; sourceTree = "<group>"; };
		76A6B938243FDFAD00C1BF51 /* OrgCell.swift */ = {isa = PBXFileReference; lastKnownFileType = sourcecode.swift; path = OrgCell.swift; sourceTree = "<group>"; };
		76C3A699243C6CC2009181F8 /* Base */ = {isa = PBXFileReference; lastKnownFileType = file.storyboard; name = Base; path = Base.lproj/Organizations.storyboard; sourceTree = "<group>"; };
		76D6445A2432A5A9001B2792 /* AnnouncementsViewController.swift */ = {isa = PBXFileReference; lastKnownFileType = sourcecode.swift; path = AnnouncementsViewController.swift; sourceTree = "<group>"; };
		76D6445C2432A5CA001B2792 /* OrgsViewController.swift */ = {isa = PBXFileReference; lastKnownFileType = sourcecode.swift; path = OrgsViewController.swift; sourceTree = "<group>"; };
		76D6445E2432A5DE001B2792 /* ResourcesViewController.swift */ = {isa = PBXFileReference; lastKnownFileType = sourcecode.swift; path = ResourcesViewController.swift; sourceTree = "<group>"; };
		C7AC5279F2020BDFA2FA41D6 /* Pods_Purdue_CS_App.framework */ = {isa = PBXFileReference; explicitFileType = wrapper.framework; includeInIndex = 0; path = Pods_Purdue_CS_App.framework; sourceTree = BUILT_PRODUCTS_DIR; };
		EA304180F142A2153F91881F /* Pods-Purdue-CS-App.debug.xcconfig */ = {isa = PBXFileReference; includeInIndex = 1; lastKnownFileType = text.xcconfig; name = "Pods-Purdue-CS-App.debug.xcconfig"; path = "Target Support Files/Pods-Purdue-CS-App/Pods-Purdue-CS-App.debug.xcconfig"; sourceTree = "<group>"; };
/* End PBXFileReference section */

/* Begin PBXFrameworksBuildPhase section */
		76728B55240DCD480017EE2A /* Frameworks */ = {
			isa = PBXFrameworksBuildPhase;
			buildActionMask = 2147483647;
			files = (
				9158AE26AA49F09780C01EDB /* Pods_Purdue_CS_App.framework in Frameworks */,
			);
			runOnlyForDeploymentPostprocessing = 0;
		};
/* End PBXFrameworksBuildPhase section */

/* Begin PBXGroup section */
		26EFF28AE85232B5F05925C2 /* Frameworks */ = {
			isa = PBXGroup;
			children = (
				C7AC5279F2020BDFA2FA41D6 /* Pods_Purdue_CS_App.framework */,
			);
			name = Frameworks;
			sourceTree = "<group>";
		};
		76728B4F240DCD480017EE2A = {
			isa = PBXGroup;
			children = (
				76728B5A240DCD480017EE2A /* Purdue-CS-App */,
				76728B59240DCD480017EE2A /* Products */,
				D6F1464146AB4FB3C3D66B98 /* Pods */,
				26EFF28AE85232B5F05925C2 /* Frameworks */,
			);
			sourceTree = "<group>";
		};
		76728B59240DCD480017EE2A /* Products */ = {
			isa = PBXGroup;
			children = (
				76728B58240DCD480017EE2A /* Purdue-CS-App.app */,
			);
			name = Products;
			sourceTree = "<group>";
		};
		76728B5A240DCD480017EE2A /* Purdue-CS-App */ = {
			isa = PBXGroup;
			children = (
				76728B5B240DCD480017EE2A /* AppDelegate.swift */,
				76728B5D240DCD480017EE2A /* SceneDelegate.swift */,
				765FFBE22432B0DB005FB5E4 /* Announcements.storyboard */,
				76C3A698243C6CC2009181F8 /* Organizations.storyboard */,
				765FFBE42432B116005FB5E4 /* Resources.storyboard */,
				76728B61240DCD480017EE2A /* Main.storyboard */,
				76D6445A2432A5A9001B2792 /* AnnouncementsViewController.swift */,
				76D6445C2432A5CA001B2792 /* OrgsViewController.swift */,
				76A6B936243FDD0300C1BF51 /* SearchOrgsViewController.swift */,
				76A6B938243FDFAD00C1BF51 /* OrgCell.swift */,
				76013C0F243CFA3400C99A02 /* EventCell.swift */,
				76D6445E2432A5DE001B2792 /* ResourcesViewController.swift */,
				768D922B243E99210021405B /* config.swift */,
				76728B64240DCD4A0017EE2A /* Assets.xcassets */,
				76728B66240DCD4A0017EE2A /* LaunchScreen.storyboard */,
				76728B69240DCD4A0017EE2A /* Info.plist */,
			);
			path = "Purdue-CS-App";
			sourceTree = "<group>";
		};
		D6F1464146AB4FB3C3D66B98 /* Pods */ = {
			isa = PBXGroup;
			children = (
				EA304180F142A2153F91881F /* Pods-Purdue-CS-App.debug.xcconfig */,
				0A66F716B71037198E2CE375 /* Pods-Purdue-CS-App.release.xcconfig */,
			);
			path = Pods;
			sourceTree = "<group>";
		};
/* End PBXGroup section */

/* Begin PBXNativeTarget section */
		76728B57240DCD480017EE2A /* Purdue-CS-App */ = {
			isa = PBXNativeTarget;
			buildConfigurationList = 76728B6C240DCD4A0017EE2A /* Build configuration list for PBXNativeTarget "Purdue-CS-App" */;
			buildPhases = (
				78CD64B1B84675EC26F3A1B9 /* [CP] Check Pods Manifest.lock */,
				76728B54240DCD480017EE2A /* Sources */,
				76728B55240DCD480017EE2A /* Frameworks */,
				76728B56240DCD480017EE2A /* Resources */,
				57B40A160BCEC59B7BB8B406 /* [CP] Embed Pods Frameworks */,
			);
			buildRules = (
			);
			dependencies = (
			);
			name = "Purdue-CS-App";
			productName = "Purdue-CS-App";
			productReference = 76728B58240DCD480017EE2A /* Purdue-CS-App.app */;
			productType = "com.apple.product-type.application";
		};
/* End PBXNativeTarget section */

/* Begin PBXProject section */
		76728B50240DCD480017EE2A /* Project object */ = {
			isa = PBXProject;
			attributes = {
				LastSwiftUpdateCheck = 1130;
				LastUpgradeCheck = 1130;
				ORGANIZATIONNAME = "Pallav Agarwal";
				TargetAttributes = {
					76728B57240DCD480017EE2A = {
						CreatedOnToolsVersion = 11.3.1;
					};
				};
			};
			buildConfigurationList = 76728B53240DCD480017EE2A /* Build configuration list for PBXProject "Purdue-CS-App" */;
			compatibilityVersion = "Xcode 9.3";
			developmentRegion = en;
			hasScannedForEncodings = 0;
			knownRegions = (
				en,
				Base,
			);
			mainGroup = 76728B4F240DCD480017EE2A;
			productRefGroup = 76728B59240DCD480017EE2A /* Products */;
			projectDirPath = "";
			projectRoot = "";
			targets = (
				76728B57240DCD480017EE2A /* Purdue-CS-App */,
			);
		};
/* End PBXProject section */

/* Begin PBXResourcesBuildPhase section */
		76728B56240DCD480017EE2A /* Resources */ = {
			isa = PBXResourcesBuildPhase;
			buildActionMask = 2147483647;
			files = (
				76728B68240DCD4A0017EE2A /* LaunchScreen.storyboard in Resources */,
				765FFBE62432B116005FB5E4 /* Resources.storyboard in Resources */,
				765FFBE32432B0DB005FB5E4 /* Announcements.storyboard in Resources */,
				76728B65240DCD4A0017EE2A /* Assets.xcassets in Resources */,
				76728B63240DCD480017EE2A /* Main.storyboard in Resources */,
				76C3A69A243C6CC2009181F8 /* Organizations.storyboard in Resources */,
			);
			runOnlyForDeploymentPostprocessing = 0;
		};
/* End PBXResourcesBuildPhase section */

/* Begin PBXShellScriptBuildPhase section */
		57B40A160BCEC59B7BB8B406 /* [CP] Embed Pods Frameworks */ = {
			isa = PBXShellScriptBuildPhase;
			buildActionMask = 2147483647;
			files = (
			);
			inputFileListPaths = (
				"${PODS_ROOT}/Target Support Files/Pods-Purdue-CS-App/Pods-Purdue-CS-App-frameworks-${CONFIGURATION}-input-files.xcfilelist",
			);
			name = "[CP] Embed Pods Frameworks";
			outputFileListPaths = (
				"${PODS_ROOT}/Target Support Files/Pods-Purdue-CS-App/Pods-Purdue-CS-App-frameworks-${CONFIGURATION}-output-files.xcfilelist",
			);
			runOnlyForDeploymentPostprocessing = 0;
			shellPath = /bin/sh;
			shellScript = "\"${PODS_ROOT}/Target Support Files/Pods-Purdue-CS-App/Pods-Purdue-CS-App-frameworks.sh\"\n";
			showEnvVarsInLog = 0;
		};
		78CD64B1B84675EC26F3A1B9 /* [CP] Check Pods Manifest.lock */ = {
			isa = PBXShellScriptBuildPhase;
			buildActionMask = 2147483647;
			files = (
			);
			inputFileListPaths = (
			);
			inputPaths = (
				"${PODS_PODFILE_DIR_PATH}/Podfile.lock",
				"${PODS_ROOT}/Manifest.lock",
			);
			name = "[CP] Check Pods Manifest.lock";
			outputFileListPaths = (
			);
			outputPaths = (
				"$(DERIVED_FILE_DIR)/Pods-Purdue-CS-App-checkManifestLockResult.txt",
			);
			runOnlyForDeploymentPostprocessing = 0;
			shellPath = /bin/sh;
			shellScript = "diff \"${PODS_PODFILE_DIR_PATH}/Podfile.lock\" \"${PODS_ROOT}/Manifest.lock\" > /dev/null\nif [ $? != 0 ] ; then\n    # print error to STDERR\n    echo \"error: The sandbox is not in sync with the Podfile.lock. Run 'pod install' or update your CocoaPods installation.\" >&2\n    exit 1\nfi\n# This output is used by Xcode 'outputs' to avoid re-running this script phase.\necho \"SUCCESS\" > \"${SCRIPT_OUTPUT_FILE_0}\"\n";
			showEnvVarsInLog = 0;
		};
/* End PBXShellScriptBuildPhase section */

/* Begin PBXSourcesBuildPhase section */
		76728B54240DCD480017EE2A /* Sources */ = {
			isa = PBXSourcesBuildPhase;
			buildActionMask = 2147483647;
			files = (
				76D6445F2432A5DE001B2792 /* ResourcesViewController.swift in Sources */,
				76A6B937243FDD0300C1BF51 /* SearchOrgsViewController.swift in Sources */,
				76D6445D2432A5CA001B2792 /* OrgsViewController.swift in Sources */,
				76728B5C240DCD480017EE2A /* AppDelegate.swift in Sources */,
				76728B5E240DCD480017EE2A /* SceneDelegate.swift in Sources */,
				768D922C243E99210021405B /* config.swift in Sources */,
				76013C10243CFA3400C99A02 /* EventCell.swift in Sources */,
				76A6B939243FDFAD00C1BF51 /* OrgCell.swift in Sources */,
				76D6445B2432A5A9001B2792 /* AnnouncementsViewController.swift in Sources */,
			);
			runOnlyForDeploymentPostprocessing = 0;
		};
/* End PBXSourcesBuildPhase section */

/* Begin PBXVariantGroup section */
		765FFBE42432B116005FB5E4 /* Resources.storyboard */ = {
			isa = PBXVariantGroup;
			children = (
				765FFBE52432B116005FB5E4 /* Base */,
			);
			name = Resources.storyboard;
			sourceTree = "<group>";
		};
		76728B61240DCD480017EE2A /* Main.storyboard */ = {
			isa = PBXVariantGroup;
			children = (
				76728B62240DCD480017EE2A /* Base */,
			);
			name = Main.storyboard;
			sourceTree = "<group>";
		};
		76728B66240DCD4A0017EE2A /* LaunchScreen.storyboard */ = {
			isa = PBXVariantGroup;
			children = (
				76728B67240DCD4A0017EE2A /* Base */,
			);
			name = LaunchScreen.storyboard;
			sourceTree = "<group>";
		};
		76C3A698243C6CC2009181F8 /* Organizations.storyboard */ = {
			isa = PBXVariantGroup;
			children = (
				76C3A699243C6CC2009181F8 /* Base */,
			);
			name = Organizations.storyboard;
			sourceTree = "<group>";
		};
/* End PBXVariantGroup section */

/* Begin XCBuildConfiguration section */
		76728B6A240DCD4A0017EE2A /* Debug */ = {
			isa = XCBuildConfiguration;
			buildSettings = {
				ALWAYS_SEARCH_USER_PATHS = NO;
				CLANG_ANALYZER_NONNULL = YES;
				CLANG_ANALYZER_NUMBER_OBJECT_CONVERSION = YES_AGGRESSIVE;
				CLANG_CXX_LANGUAGE_STANDARD = "gnu++14";
				CLANG_CXX_LIBRARY = "libc++";
				CLANG_ENABLE_MODULES = YES;
				CLANG_ENABLE_OBJC_ARC = YES;
				CLANG_ENABLE_OBJC_WEAK = YES;
				CLANG_WARN_BLOCK_CAPTURE_AUTORELEASING = YES;
				CLANG_WARN_BOOL_CONVERSION = YES;
				CLANG_WARN_COMMA = YES;
				CLANG_WARN_CONSTANT_CONVERSION = YES;
				CLANG_WARN_DEPRECATED_OBJC_IMPLEMENTATIONS = YES;
				CLANG_WARN_DIRECT_OBJC_ISA_USAGE = YES_ERROR;
				CLANG_WARN_DOCUMENTATION_COMMENTS = YES;
				CLANG_WARN_EMPTY_BODY = YES;
				CLANG_WARN_ENUM_CONVERSION = YES;
				CLANG_WARN_INFINITE_RECURSION = YES;
				CLANG_WARN_INT_CONVERSION = YES;
				CLANG_WARN_NON_LITERAL_NULL_CONVERSION = YES;
				CLANG_WARN_OBJC_IMPLICIT_RETAIN_SELF = YES;
				CLANG_WARN_OBJC_LITERAL_CONVERSION = YES;
				CLANG_WARN_OBJC_ROOT_CLASS = YES_ERROR;
				CLANG_WARN_RANGE_LOOP_ANALYSIS = YES;
				CLANG_WARN_STRICT_PROTOTYPES = YES;
				CLANG_WARN_SUSPICIOUS_MOVE = YES;
				CLANG_WARN_UNGUARDED_AVAILABILITY = YES_AGGRESSIVE;
				CLANG_WARN_UNREACHABLE_CODE = YES;
				CLANG_WARN__DUPLICATE_METHOD_MATCH = YES;
				COPY_PHASE_STRIP = NO;
				DEBUG_INFORMATION_FORMAT = dwarf;
				ENABLE_STRICT_OBJC_MSGSEND = YES;
				ENABLE_TESTABILITY = YES;
				GCC_C_LANGUAGE_STANDARD = gnu11;
				GCC_DYNAMIC_NO_PIC = NO;
				GCC_NO_COMMON_BLOCKS = YES;
				GCC_OPTIMIZATION_LEVEL = 0;
				GCC_PREPROCESSOR_DEFINITIONS = (
					"DEBUG=1",
					"$(inherited)",
				);
				GCC_WARN_64_TO_32_BIT_CONVERSION = YES;
				GCC_WARN_ABOUT_RETURN_TYPE = YES_ERROR;
				GCC_WARN_UNDECLARED_SELECTOR = YES;
				GCC_WARN_UNINITIALIZED_AUTOS = YES_AGGRESSIVE;
				GCC_WARN_UNUSED_FUNCTION = YES;
				GCC_WARN_UNUSED_VARIABLE = YES;
				IPHONEOS_DEPLOYMENT_TARGET = 13.2;
				MTL_ENABLE_DEBUG_INFO = INCLUDE_SOURCE;
				MTL_FAST_MATH = YES;
				ONLY_ACTIVE_ARCH = YES;
				SDKROOT = iphoneos;
				SWIFT_ACTIVE_COMPILATION_CONDITIONS = DEBUG;
				SWIFT_OPTIMIZATION_LEVEL = "-Onone";
			};
			name = Debug;
		};
		76728B6B240DCD4A0017EE2A /* Release */ = {
			isa = XCBuildConfiguration;
			buildSettings = {
				ALWAYS_SEARCH_USER_PATHS = NO;
				CLANG_ANALYZER_NONNULL = YES;
				CLANG_ANALYZER_NUMBER_OBJECT_CONVERSION = YES_AGGRESSIVE;
				CLANG_CXX_LANGUAGE_STANDARD = "gnu++14";
				CLANG_CXX_LIBRARY = "libc++";
				CLANG_ENABLE_MODULES = YES;
				CLANG_ENABLE_OBJC_ARC = YES;
				CLANG_ENABLE_OBJC_WEAK = YES;
				CLANG_WARN_BLOCK_CAPTURE_AUTORELEASING = YES;
				CLANG_WARN_BOOL_CONVERSION = YES;
				CLANG_WARN_COMMA = YES;
				CLANG_WARN_CONSTANT_CONVERSION = YES;
				CLANG_WARN_DEPRECATED_OBJC_IMPLEMENTATIONS = YES;
				CLANG_WARN_DIRECT_OBJC_ISA_USAGE = YES_ERROR;
				CLANG_WARN_DOCUMENTATION_COMMENTS = YES;
				CLANG_WARN_EMPTY_BODY = YES;
				CLANG_WARN_ENUM_CONVERSION = YES;
				CLANG_WARN_INFINITE_RECURSION = YES;
				CLANG_WARN_INT_CONVERSION = YES;
				CLANG_WARN_NON_LITERAL_NULL_CONVERSION = YES;
				CLANG_WARN_OBJC_IMPLICIT_RETAIN_SELF = YES;
				CLANG_WARN_OBJC_LITERAL_CONVERSION = YES;
				CLANG_WARN_OBJC_ROOT_CLASS = YES_ERROR;
				CLANG_WARN_RANGE_LOOP_ANALYSIS = YES;
				CLANG_WARN_STRICT_PROTOTYPES = YES;
				CLANG_WARN_SUSPICIOUS_MOVE = YES;
				CLANG_WARN_UNGUARDED_AVAILABILITY = YES_AGGRESSIVE;
				CLANG_WARN_UNREACHABLE_CODE = YES;
				CLANG_WARN__DUPLICATE_METHOD_MATCH = YES;
				COPY_PHASE_STRIP = NO;
				DEBUG_INFORMATION_FORMAT = "dwarf-with-dsym";
				ENABLE_NS_ASSERTIONS = NO;
				ENABLE_STRICT_OBJC_MSGSEND = YES;
				GCC_C_LANGUAGE_STANDARD = gnu11;
				GCC_NO_COMMON_BLOCKS = YES;
				GCC_WARN_64_TO_32_BIT_CONVERSION = YES;
				GCC_WARN_ABOUT_RETURN_TYPE = YES_ERROR;
				GCC_WARN_UNDECLARED_SELECTOR = YES;
				GCC_WARN_UNINITIALIZED_AUTOS = YES_AGGRESSIVE;
				GCC_WARN_UNUSED_FUNCTION = YES;
				GCC_WARN_UNUSED_VARIABLE = YES;
				IPHONEOS_DEPLOYMENT_TARGET = 13.2;
				MTL_ENABLE_DEBUG_INFO = NO;
				MTL_FAST_MATH = YES;
				SDKROOT = iphoneos;
				SWIFT_COMPILATION_MODE = wholemodule;
				SWIFT_OPTIMIZATION_LEVEL = "-O";
				VALIDATE_PRODUCT = YES;
			};
			name = Release;
		};
		76728B6D240DCD4A0017EE2A /* Debug */ = {
			isa = XCBuildConfiguration;
			baseConfigurationReference = EA304180F142A2153F91881F /* Pods-Purdue-CS-App.debug.xcconfig */;
			buildSettings = {
				ASSETCATALOG_COMPILER_APPICON_NAME = AppIcon;
				CODE_SIGN_STYLE = Automatic;
				DEVELOPMENT_TEAM = 8VY7TSAQP8;
				INFOPLIST_FILE = "Purdue-CS-App/Info.plist";
				LD_RUNPATH_SEARCH_PATHS = (
					"$(inherited)",
					"@executable_path/Frameworks",
				);
				PRODUCT_BUNDLE_IDENTIFIER = "com.LWSN.Purdue-CS-App";
				PRODUCT_NAME = "$(TARGET_NAME)";
				SWIFT_VERSION = 5.0;
				TARGETED_DEVICE_FAMILY = 1;
			};
			name = Debug;
		};
		76728B6E240DCD4A0017EE2A /* Release */ = {
			isa = XCBuildConfiguration;
			baseConfigurationReference = 0A66F716B71037198E2CE375 /* Pods-Purdue-CS-App.release.xcconfig */;
			buildSettings = {
				ASSETCATALOG_COMPILER_APPICON_NAME = AppIcon;
				CODE_SIGN_STYLE = Automatic;
				DEVELOPMENT_TEAM = 8VY7TSAQP8;
				INFOPLIST_FILE = "Purdue-CS-App/Info.plist";
				LD_RUNPATH_SEARCH_PATHS = (
					"$(inherited)",
					"@executable_path/Frameworks",
				);
				PRODUCT_BUNDLE_IDENTIFIER = "com.LWSN.Purdue-CS-App";
				PRODUCT_NAME = "$(TARGET_NAME)";
				SWIFT_VERSION = 5.0;
				TARGETED_DEVICE_FAMILY = 1;
			};
			name = Release;
		};
/* End XCBuildConfiguration section */

/* Begin XCConfigurationList section */
		76728B53240DCD480017EE2A /* Build configuration list for PBXProject "Purdue-CS-App" */ = {
			isa = XCConfigurationList;
			buildConfigurations = (
				76728B6A240DCD4A0017EE2A /* Debug */,
				76728B6B240DCD4A0017EE2A /* Release */,
			);
			defaultConfigurationIsVisible = 0;
			defaultConfigurationName = Release;
		};
		76728B6C240DCD4A0017EE2A /* Build configuration list for PBXNativeTarget "Purdue-CS-App" */ = {
			isa = XCConfigurationList;
			buildConfigurations = (
				76728B6D240DCD4A0017EE2A /* Debug */,
				76728B6E240DCD4A0017EE2A /* Release */,
			);
			defaultConfigurationIsVisible = 0;
			defaultConfigurationName = Release;
		};
/* End XCConfigurationList section */
	};
	rootObject = 76728B50240DCD480017EE2A /* Project object */;
}
